
Microsoft Visual Studio Solution File, Format Version 12.00
# Visual Studio 14
VisualStudioVersion = 14.0.25420.1
MinimumVisualStudioVersion = 10.0.40219.1
Project("{FAE04EC0-301F-11D3-BF4B-00C04F79EFBC}") = "CustomCommander", "CustomCommander\CustomCommander.csproj", "{48838639-85DC-496A-8105-9B3E92723A5E}"
	ProjectSection(ProjectDependencies) = postProject
		{F2EE8BEE-72F3-46D5-81E3-8A079CABEE2B} = {F2EE8BEE-72F3-46D5-81E3-8A079CABEE2B}
	EndProjectSection
EndProject
Project("{2150E333-8FDC-42A3-9474-1A3956D46DE8}") = "CC.Common", "CC.Common", "{CD993D5F-9B7B-41AA-B541-9DF2DBA10FEB}"
EndProject
Project("{2150E333-8FDC-42A3-9474-1A3956D46DE8}") = "CC.Modules", "CC.Modules", "{F9F44BF1-B913-4850-B70F-DA9DACD856B3}"
EndProject
Project("{FAE04EC0-301F-11D3-BF4B-00C04F79EFBC}") = "CC.Common.Infrastructure", "CC.Common.Infrastructure\CC.Common.Infrastructure.csproj", "{7132416A-949F-4D3E-82DE-A28053A9D235}"
EndProject
Project("{FAE04EC0-301F-11D3-BF4B-00C04F79EFBC}") = "CC.Module.TopOperationPanel", "CC.Module.TopOperationPanel\CC.Module.TopOperationPanel.csproj", "{44CBCD52-E6D0-4582-BB0F-9CB7B2D793C1}"
EndProject
Project("{FAE04EC0-301F-11D3-BF4B-00C04F79EFBC}") = "CC.Module.BottomOperationPanel", "CC.Module.BottomOperationPanel\CC.Module.BottomOperationPanel.csproj", "{E95641AF-ACD1-4F6C-8A26-88BA2752FB0D}"
EndProject
Project("{FAE04EC0-301F-11D3-BF4B-00C04F79EFBC}") = "CC.Module.FileExplorer", "CC.Module.FileExplorer\CC.Module.FileExplorer.csproj", "{B11B8370-D64D-40CB-B5E9-E9C14E219AAF}"
EndProject
Project("{FAE04EC0-301F-11D3-BF4B-00C04F79EFBC}") = "CC.Common.Popup", "CC.Common.Popup\CC.Common.Popup.csproj", "{F2EE8BEE-72F3-46D5-81E3-8A079CABEE2B}"
EndProject
Global
	GlobalSection(SolutionConfigurationPlatforms) = preSolution
		Debug|Any CPU = Debug|Any CPU
		Release|Any CPU = Release|Any CPU
	EndGlobalSection
	GlobalSection(ProjectConfigurationPlatforms) = postSolution
		{48838639-85DC-496A-8105-9B3E92723A5E}.Debug|Any CPU.ActiveCfg = Debug|Any CPU
		{48838639-85DC-496A-8105-9B3E92723A5E}.Debug|Any CPU.Build.0 = Debug|Any CPU
		{48838639-85DC-496A-8105-9B3E92723A5E}.Release|Any CPU.ActiveCfg = Release|Any CPU
		{48838639-85DC-496A-8105-9B3E92723A5E}.Release|Any CPU.Build.0 = Release|Any CPU
		{7132416A-949F-4D3E-82DE-A28053A9D235}.Debug|Any CPU.ActiveCfg = Debug|Any CPU
		{7132416A-949F-4D3E-82DE-A28053A9D235}.Debug|Any CPU.Build.0 = Debug|Any CPU
		{7132416A-949F-4D3E-82DE-A28053A9D235}.Release|Any CPU.ActiveCfg = Release|Any CPU
		{7132416A-949F-4D3E-82DE-A28053A9D235}.Release|Any CPU.Build.0 = Release|Any CPU
		{44CBCD52-E6D0-4582-BB0F-9CB7B2D793C1}.Debug|Any CPU.ActiveCfg = Debug|Any CPU
		{44CBCD52-E6D0-4582-BB0F-9CB7B2D793C1}.Debug|Any CPU.Build.0 = Debug|Any CPU
		{44CBCD52-E6D0-4582-BB0F-9CB7B2D793C1}.Release|Any CPU.ActiveCfg = Release|Any CPU
		{44CBCD52-E6D0-4582-BB0F-9CB7B2D793C1}.Release|Any CPU.Build.0 = Release|Any CPU
		{E95641AF-ACD1-4F6C-8A26-88BA2752FB0D}.Debug|Any CPU.ActiveCfg = Debug|Any CPU
		{E95641AF-ACD1-4F6C-8A26-88BA2752FB0D}.Debug|Any CPU.Build.0 = Debug|Any CPU
		{E95641AF-ACD1-4F6C-8A26-88BA2752FB0D}.Release|Any CPU.ActiveCfg = Release|Any CPU
		{E95641AF-ACD1-4F6C-8A26-88BA2752FB0D}.Release|Any CPU.Build.0 = Release|Any CPU
		{B11B8370-D64D-40CB-B5E9-E9C14E219AAF}.Debug|Any CPU.ActiveCfg = Debug|Any CPU
		{B11B8370-D64D-40CB-B5E9-E9C14E219AAF}.Debug|Any CPU.Build.0 = Debug|Any CPU
		{B11B8370-D64D-40CB-B5E9-E9C14E219AAF}.Release|Any CPU.ActiveCfg = Release|Any CPU
		{B11B8370-D64D-40CB-B5E9-E9C14E219AAF}.Release|Any CPU.Build.0 = Release|Any CPU
		{F2EE8BEE-72F3-46D5-81E3-8A079CABEE2B}.Debug|Any CPU.ActiveCfg = Debug|Any CPU
		{F2EE8BEE-72F3-46D5-81E3-8A079CABEE2B}.Debug|Any CPU.Build.0 = Debug|Any CPU
		{F2EE8BEE-72F3-46D5-81E3-8A079CABEE2B}.Release|Any CPU.ActiveCfg = Release|Any CPU
		{F2EE8BEE-72F3-46D5-81E3-8A079CABEE2B}.Release|Any CPU.Build.0 = Release|Any CPU
	EndGlobalSection
	GlobalSection(SolutionProperties) = preSolution
		HideSolutionNode = FALSE
	EndGlobalSection
	GlobalSection(NestedProjects) = preSolution
		{7132416A-949F-4D3E-82DE-A28053A9D235} = {CD993D5F-9B7B-41AA-B541-9DF2DBA10FEB}
		{44CBCD52-E6D0-4582-BB0F-9CB7B2D793C1} = {F9F44BF1-B913-4850-B70F-DA9DACD856B3}
		{E95641AF-ACD1-4F6C-8A26-88BA2752FB0D} = {F9F44BF1-B913-4850-B70F-DA9DACD856B3}
		{B11B8370-D64D-40CB-B5E9-E9C14E219AAF} = {F9F44BF1-B913-4850-B70F-DA9DACD856B3}
		{F2EE8BEE-72F3-46D5-81E3-8A079CABEE2B} = {CD993D5F-9B7B-41AA-B541-9DF2DBA10FEB}
	EndGlobalSection
EndGlobal
